
Microsoft Visual Studio Solution File, Format Version 12.00
# Visual Studio Version 17
VisualStudioVersion = 17.10.34916.146
MinimumVisualStudioVersion = 10.0.40219.1
Project("{9A19103F-16F7-4668-BE54-9A1E7A4F7556}") = "01_Intro to Microsoft .NET. Типu даннuх", "01_Intro to Microsoft .NET. Типu даннuх\01_Intro to Microsoft .NET. Типu даннuх.csproj", "{30C4F41D-0F24-49AB-9E74-677B99FDE80E}"
EndProject
Project("{9A19103F-16F7-4668-BE54-9A1E7A4F7556}") = "02_Array. Enum", "02_Array. Enum\02_Array. Enum.csproj", "{6CE29A88-DD04-456E-8F86-FF5E5BCE96BF}"
EndProject
Project("{9A19103F-16F7-4668-BE54-9A1E7A4F7556}") = "03_String", "03_String\03_String.csproj", "{A3A1CA43-2C54-44F3-911E-0C9D6183323E}"
EndProject
Project("{9A19103F-16F7-4668-BE54-9A1E7A4F7556}") = "04_IntroToOOP", "04_IntroToOOP\04_IntroToOOP.csproj", "{B4FC978F-21D1-4F17-87AB-A07F6B3D0974}"
EndProject
Project("{9A19103F-16F7-4668-BE54-9A1E7A4F7556}") = "05_Class & struct", "05_Class & struct\05_Class & struct.csproj", "{AD24A871-24E1-4778-8D19-CF49770B503D}"
EndProject
Project("{9A19103F-16F7-4668-BE54-9A1E7A4F7556}") = "06_Exceptions, namespace", "06_Exceptions, namespace\06_Exceptions, namespace.csproj", "{7D5EB1C3-5C2F-4BB0-BBEA-09BE44039ED4}"
EndProject
Project("{9A19103F-16F7-4668-BE54-9A1E7A4F7556}") = "07_Interface, enum", "07_Interface, enum\07_Interface, enum.csproj", "{0FEEFE3F-7080-46F3-972E-269F10C49EB9}"
EndProject
Project("{FAE04EC0-301F-11D3-BF4B-00C04F79EFBC}") = "08_Inheritance, Indexers", "08_Inheritance, Indexers\08_Inheritance, Indexers.csproj", "{5E8FFF5C-8C7D-43D7-8E32-A3DEEB2C51E2}"
EndProject
Project("{FAE04EC0-301F-11D3-BF4B-00C04F79EFBC}") = "09_Delegates", "09_Delegates\09_Delegates.csproj", "{357F1CB3-D1EB-4EA0-925B-CC3DE80CE0C9}"
EndProject
Global
	GlobalSection(SolutionConfigurationPlatforms) = preSolution
		Debug|Any CPU = Debug|Any CPU
		Release|Any CPU = Release|Any CPU
	EndGlobalSection
	GlobalSection(ProjectConfigurationPlatforms) = postSolution
		{30C4F41D-0F24-49AB-9E74-677B99FDE80E}.Debug|Any CPU.ActiveCfg = Debug|Any CPU
		{30C4F41D-0F24-49AB-9E74-677B99FDE80E}.Debug|Any CPU.Build.0 = Debug|Any CPU
		{30C4F41D-0F24-49AB-9E74-677B99FDE80E}.Release|Any CPU.ActiveCfg = Release|Any CPU
		{30C4F41D-0F24-49AB-9E74-677B99FDE80E}.Release|Any CPU.Build.0 = Release|Any CPU
		{6CE29A88-DD04-456E-8F86-FF5E5BCE96BF}.Debug|Any CPU.ActiveCfg = Debug|Any CPU
		{6CE29A88-DD04-456E-8F86-FF5E5BCE96BF}.Debug|Any CPU.Build.0 = Debug|Any CPU
		{6CE29A88-DD04-456E-8F86-FF5E5BCE96BF}.Release|Any CPU.ActiveCfg = Release|Any CPU
		{6CE29A88-DD04-456E-8F86-FF5E5BCE96BF}.Release|Any CPU.Build.0 = Release|Any CPU
		{A3A1CA43-2C54-44F3-911E-0C9D6183323E}.Debug|Any CPU.ActiveCfg = Debug|Any CPU
		{A3A1CA43-2C54-44F3-911E-0C9D6183323E}.Debug|Any CPU.Build.0 = Debug|Any CPU
		{A3A1CA43-2C54-44F3-911E-0C9D6183323E}.Release|Any CPU.ActiveCfg = Release|Any CPU
		{A3A1CA43-2C54-44F3-911E-0C9D6183323E}.Release|Any CPU.Build.0 = Release|Any CPU
		{B4FC978F-21D1-4F17-87AB-A07F6B3D0974}.Debug|Any CPU.ActiveCfg = Debug|Any CPU
		{B4FC978F-21D1-4F17-87AB-A07F6B3D0974}.Debug|Any CPU.Build.0 = Debug|Any CPU
		{B4FC978F-21D1-4F17-87AB-A07F6B3D0974}.Release|Any CPU.ActiveCfg = Release|Any CPU
		{B4FC978F-21D1-4F17-87AB-A07F6B3D0974}.Release|Any CPU.Build.0 = Release|Any CPU
		{AD24A871-24E1-4778-8D19-CF49770B503D}.Debug|Any CPU.ActiveCfg = Debug|Any CPU
		{AD24A871-24E1-4778-8D19-CF49770B503D}.Debug|Any CPU.Build.0 = Debug|Any CPU
		{AD24A871-24E1-4778-8D19-CF49770B503D}.Release|Any CPU.ActiveCfg = Release|Any CPU
		{AD24A871-24E1-4778-8D19-CF49770B503D}.Release|Any CPU.Build.0 = Release|Any CPU
		{7D5EB1C3-5C2F-4BB0-BBEA-09BE44039ED4}.Debug|Any CPU.ActiveCfg = Debug|Any CPU
		{7D5EB1C3-5C2F-4BB0-BBEA-09BE44039ED4}.Debug|Any CPU.Build.0 = Debug|Any CPU
		{7D5EB1C3-5C2F-4BB0-BBEA-09BE44039ED4}.Release|Any CPU.ActiveCfg = Release|Any CPU
		{7D5EB1C3-5C2F-4BB0-BBEA-09BE44039ED4}.Release|Any CPU.Build.0 = Release|Any CPU
		{0FEEFE3F-7080-46F3-972E-269F10C49EB9}.Debug|Any CPU.ActiveCfg = Debug|Any CPU
		{0FEEFE3F-7080-46F3-972E-269F10C49EB9}.Debug|Any CPU.Build.0 = Debug|Any CPU
		{0FEEFE3F-7080-46F3-972E-269F10C49EB9}.Release|Any CPU.ActiveCfg = Release|Any CPU
		{0FEEFE3F-7080-46F3-972E-269F10C49EB9}.Release|Any CPU.Build.0 = Release|Any CPU
		{5E8FFF5C-8C7D-43D7-8E32-A3DEEB2C51E2}.Debug|Any CPU.ActiveCfg = Debug|Any CPU
		{5E8FFF5C-8C7D-43D7-8E32-A3DEEB2C51E2}.Debug|Any CPU.Build.0 = Debug|Any CPU
		{5E8FFF5C-8C7D-43D7-8E32-A3DEEB2C51E2}.Release|Any CPU.ActiveCfg = Release|Any CPU
		{5E8FFF5C-8C7D-43D7-8E32-A3DEEB2C51E2}.Release|Any CPU.Build.0 = Release|Any CPU
		{357F1CB3-D1EB-4EA0-925B-CC3DE80CE0C9}.Debug|Any CPU.ActiveCfg = Debug|Any CPU
		{357F1CB3-D1EB-4EA0-925B-CC3DE80CE0C9}.Debug|Any CPU.Build.0 = Debug|Any CPU
		{357F1CB3-D1EB-4EA0-925B-CC3DE80CE0C9}.Release|Any CPU.ActiveCfg = Release|Any CPU
		{357F1CB3-D1EB-4EA0-925B-CC3DE80CE0C9}.Release|Any CPU.Build.0 = Release|Any CPU
	EndGlobalSection
	GlobalSection(SolutionProperties) = preSolution
		HideSolutionNode = FALSE
	EndGlobalSection
	GlobalSection(ExtensibilityGlobals) = postSolution
		SolutionGuid = {AA3409F0-2063-4C32-A2BA-6FC2850E8F4B}
	EndGlobalSection
EndGlobal
